
Microsoft Visual Studio Solution File, Format Version 12.00
# Visual Studio 15
VisualStudioVersion = 15.0.27703.2047
MinimumVisualStudioVersion = 10.0.40219.1
Project("{8BC9CEB8-8B4A-11D0-8D11-00A0C91BC942}") = "Punto-Opcional", "Punto-Opcional\Punto-Opcional.vcxproj", "{B0A583B4-0AFA-48B8-8BF7-2E29D42C2540}"
EndProject
Global
	GlobalSection(SolutionConfigurationPlatforms) = preSolution
		Debug|x64 = Debug|x64
		Debug|x86 = Debug|x86
		Release|x64 = Release|x64
		Release|x86 = Release|x86
	EndGlobalSection
	GlobalSection(ProjectConfigurationPlatforms) = postSolution
		{B0A583B4-0AFA-48B8-8BF7-2E29D42C2540}.Debug|x64.ActiveCfg = Debug|x64
		{B0A583B4-0AFA-48B8-8BF7-2E29D42C2540}.Debug|x64.Build.0 = Debug|x64
		{B0A583B4-0AFA-48B8-8BF7-2E29D42C2540}.Debug|x86.ActiveCfg = Debug|Win32
		{B0A583B4-0AFA-48B8-8BF7-2E29D42C2540}.Debug|x86.Build.0 = Debug|Win32
		{B0A583B4-0AFA-48B8-8BF7-2E29D42C2540}.Release|x64.ActiveCfg = Release|x64
		{B0A583B4-0AFA-48B8-8BF7-2E29D42C2540}.Release|x64.Build.0 = Release|x64
		{B0A583B4-0AFA-48B8-8BF7-2E29D42C2540}.Release|x86.ActiveCfg = Release|Win32
		{B0A583B4-0AFA-48B8-8BF7-2E29D42C2540}.Release|x86.Build.0 = Release|Win32
	EndGlobalSection
	GlobalSection(SolutionProperties) = preSolution
		HideSolutionNode = FALSE
	EndGlobalSection
	GlobalSection(ExtensibilityGlobals) = postSolution
		SolutionGuid = {E4453333-E48E-4531-B97C-C071995A62E6}
	EndGlobalSection
EndGlobal
