
Microsoft Visual Studio Solution File, Format Version 12.00
# Visual Studio 15
VisualStudioVersion = 15.0.27703.2047
MinimumVisualStudioVersion = 10.0.40219.1
Project("{888888A0-9F3D-457C-B088-3A5042F75D52}") = "AlgoritmoComparacion", "AlgoritmoComparacion\AlgoritmoComparacion.pyproj", "{A1926FEB-1912-499C-B3E6-6D0C65F4AA56}"
EndProject
Global
	GlobalSection(SolutionConfigurationPlatforms) = preSolution
		Debug|Any CPU = Debug|Any CPU
		Release|Any CPU = Release|Any CPU
	EndGlobalSection
	GlobalSection(ProjectConfigurationPlatforms) = postSolution
		{A1926FEB-1912-499C-B3E6-6D0C65F4AA56}.Debug|Any CPU.ActiveCfg = Debug|Any CPU
		{A1926FEB-1912-499C-B3E6-6D0C65F4AA56}.Release|Any CPU.ActiveCfg = Release|Any CPU
	EndGlobalSection
	GlobalSection(SolutionProperties) = preSolution
		HideSolutionNode = FALSE
	EndGlobalSection
	GlobalSection(ExtensibilityGlobals) = postSolution
		SolutionGuid = {DE6A2D99-2764-483B-8871-78810C400DAB}
	EndGlobalSection
EndGlobal
