
Microsoft Visual Studio Solution File, Format Version 12.00
# Visual Studio 15
VisualStudioVersion = 15.0.27703.2047
MinimumVisualStudioVersion = 10.0.40219.1
Project("{888888A0-9F3D-457C-B088-3A5042F75D52}") = "ejercicio1", "ejercicio1\ejercicio1.pyproj", "{58B7F0A6-03D9-4E55-9D86-0AE3C59861AD}"
EndProject
Global
	GlobalSection(SolutionConfigurationPlatforms) = preSolution
		Debug|Any CPU = Debug|Any CPU
		Release|Any CPU = Release|Any CPU
	EndGlobalSection
	GlobalSection(ProjectConfigurationPlatforms) = postSolution
		{58B7F0A6-03D9-4E55-9D86-0AE3C59861AD}.Debug|Any CPU.ActiveCfg = Debug|Any CPU
		{58B7F0A6-03D9-4E55-9D86-0AE3C59861AD}.Release|Any CPU.ActiveCfg = Release|Any CPU
	EndGlobalSection
	GlobalSection(SolutionProperties) = preSolution
		HideSolutionNode = FALSE
	EndGlobalSection
	GlobalSection(ExtensibilityGlobals) = postSolution
		SolutionGuid = {EA790B85-2092-41BE-A74A-AE02EDB2BB56}
	EndGlobalSection
EndGlobal
